
Microsoft Visual Studio Solution File, Format Version 12.00
# Visual Studio 14
VisualStudioVersion = 14.0.25123.0
MinimumVisualStudioVersion = 10.0.40219.1
Project("{FAE04EC0-301F-11D3-BF4B-00C04F79EFBC}") = "Sys.Spring", "Sys.Spring\Sys.Spring.csproj", "{FFC7B942-A09E-403C-9209-84D9DBA592E3}"
EndProject
Project("{FAE04EC0-301F-11D3-BF4B-00C04F79EFBC}") = "Sys.Utility", "Sys.Utility\Sys.Utility.csproj", "{D2A6DB30-618D-4FA1-A544-C24D6C903D53}"
EndProject
Project("{FAE04EC0-301F-11D3-BF4B-00C04F79EFBC}") = "Sys.Controller", "Sys.Controller\Sys.Controller.csproj", "{52F67E26-22F9-4F32-B7F7-D69C7DBECA8B}"
EndProject
Project("{FAE04EC0-301F-11D3-BF4B-00C04F79EFBC}") = "MobileWx.Model", "MobileWx.Model\MobileWx.Model.csproj", "{2FF5E543-D1DC-46D1-AD2F-0B1B8BB169F5}"
EndProject
Project("{FAE04EC0-301F-11D3-BF4B-00C04F79EFBC}") = "MobileWx.Bll", "MobileWx.Bll\MobileWx.Bll.csproj", "{9EADC8B9-14B5-401B-AC85-62C4A87DB15F}"
EndProject
Project("{FAE04EC0-301F-11D3-BF4B-00C04F79EFBC}") = "MobileWx.Dal", "MobileWx.Dal\MobileWx.Dal.csproj", "{4FEF2440-B267-4AF2-8EDA-3A0D69634FA8}"
EndProject
Project("{FAE04EC0-301F-11D3-BF4B-00C04F79EFBC}") = "MobileWx.Web", "MobileWx.Web\MobileWx.Web.csproj", "{318648F0-3BDD-44A8-BF23-5EF8566C0B6C}"
EndProject
Project("{FAE04EC0-301F-11D3-BF4B-00C04F79EFBC}") = "MobileWx.Test", "MobileWx.Test\MobileWx.Test.csproj", "{C4EB521E-2ABB-4817-AA44-33CCF8E908EE}"
EndProject
Project("{FAE04EC0-301F-11D3-BF4B-00C04F79EFBC}") = "UnitTestProject1", "UnitTestProject1\UnitTestProject1.csproj", "{28015BE8-30A9-4771-B50C-FA251E3858E8}"
EndProject
Global
	GlobalSection(SolutionConfigurationPlatforms) = preSolution
		Debug|Any CPU = Debug|Any CPU
		Release|Any CPU = Release|Any CPU
	EndGlobalSection
	GlobalSection(ProjectConfigurationPlatforms) = postSolution
		{FFC7B942-A09E-403C-9209-84D9DBA592E3}.Debug|Any CPU.ActiveCfg = Debug|Any CPU
		{FFC7B942-A09E-403C-9209-84D9DBA592E3}.Debug|Any CPU.Build.0 = Debug|Any CPU
		{FFC7B942-A09E-403C-9209-84D9DBA592E3}.Release|Any CPU.ActiveCfg = Release|Any CPU
		{FFC7B942-A09E-403C-9209-84D9DBA592E3}.Release|Any CPU.Build.0 = Release|Any CPU
		{D2A6DB30-618D-4FA1-A544-C24D6C903D53}.Debug|Any CPU.ActiveCfg = Debug|Any CPU
		{D2A6DB30-618D-4FA1-A544-C24D6C903D53}.Debug|Any CPU.Build.0 = Debug|Any CPU
		{D2A6DB30-618D-4FA1-A544-C24D6C903D53}.Release|Any CPU.ActiveCfg = Release|Any CPU
		{D2A6DB30-618D-4FA1-A544-C24D6C903D53}.Release|Any CPU.Build.0 = Release|Any CPU
		{52F67E26-22F9-4F32-B7F7-D69C7DBECA8B}.Debug|Any CPU.ActiveCfg = Debug|Any CPU
		{52F67E26-22F9-4F32-B7F7-D69C7DBECA8B}.Debug|Any CPU.Build.0 = Debug|Any CPU
		{52F67E26-22F9-4F32-B7F7-D69C7DBECA8B}.Release|Any CPU.ActiveCfg = Release|Any CPU
		{52F67E26-22F9-4F32-B7F7-D69C7DBECA8B}.Release|Any CPU.Build.0 = Release|Any CPU
		{2FF5E543-D1DC-46D1-AD2F-0B1B8BB169F5}.Debug|Any CPU.ActiveCfg = Debug|Any CPU
		{2FF5E543-D1DC-46D1-AD2F-0B1B8BB169F5}.Debug|Any CPU.Build.0 = Debug|Any CPU
		{2FF5E543-D1DC-46D1-AD2F-0B1B8BB169F5}.Release|Any CPU.ActiveCfg = Release|Any CPU
		{2FF5E543-D1DC-46D1-AD2F-0B1B8BB169F5}.Release|Any CPU.Build.0 = Release|Any CPU
		{9EADC8B9-14B5-401B-AC85-62C4A87DB15F}.Debug|Any CPU.ActiveCfg = Debug|Any CPU
		{9EADC8B9-14B5-401B-AC85-62C4A87DB15F}.Debug|Any CPU.Build.0 = Debug|Any CPU
		{9EADC8B9-14B5-401B-AC85-62C4A87DB15F}.Release|Any CPU.ActiveCfg = Release|Any CPU
		{9EADC8B9-14B5-401B-AC85-62C4A87DB15F}.Release|Any CPU.Build.0 = Release|Any CPU
		{4FEF2440-B267-4AF2-8EDA-3A0D69634FA8}.Debug|Any CPU.ActiveCfg = Debug|Any CPU
		{4FEF2440-B267-4AF2-8EDA-3A0D69634FA8}.Debug|Any CPU.Build.0 = Debug|Any CPU
		{4FEF2440-B267-4AF2-8EDA-3A0D69634FA8}.Release|Any CPU.ActiveCfg = Release|Any CPU
		{4FEF2440-B267-4AF2-8EDA-3A0D69634FA8}.Release|Any CPU.Build.0 = Release|Any CPU
		{318648F0-3BDD-44A8-BF23-5EF8566C0B6C}.Debug|Any CPU.ActiveCfg = Debug|Any CPU
		{318648F0-3BDD-44A8-BF23-5EF8566C0B6C}.Debug|Any CPU.Build.0 = Debug|Any CPU
		{318648F0-3BDD-44A8-BF23-5EF8566C0B6C}.Release|Any CPU.ActiveCfg = Release|Any CPU
		{318648F0-3BDD-44A8-BF23-5EF8566C0B6C}.Release|Any CPU.Build.0 = Release|Any CPU
		{C4EB521E-2ABB-4817-AA44-33CCF8E908EE}.Debug|Any CPU.ActiveCfg = Debug|Any CPU
		{C4EB521E-2ABB-4817-AA44-33CCF8E908EE}.Debug|Any CPU.Build.0 = Debug|Any CPU
		{C4EB521E-2ABB-4817-AA44-33CCF8E908EE}.Release|Any CPU.ActiveCfg = Release|Any CPU
		{C4EB521E-2ABB-4817-AA44-33CCF8E908EE}.Release|Any CPU.Build.0 = Release|Any CPU
		{28015BE8-30A9-4771-B50C-FA251E3858E8}.Debug|Any CPU.ActiveCfg = Debug|Any CPU
		{28015BE8-30A9-4771-B50C-FA251E3858E8}.Debug|Any CPU.Build.0 = Debug|Any CPU
		{28015BE8-30A9-4771-B50C-FA251E3858E8}.Release|Any CPU.ActiveCfg = Release|Any CPU
		{28015BE8-30A9-4771-B50C-FA251E3858E8}.Release|Any CPU.Build.0 = Release|Any CPU
	EndGlobalSection
	GlobalSection(SolutionProperties) = preSolution
		HideSolutionNode = FALSE
	EndGlobalSection
EndGlobal
